
Microsoft Visual Studio Solution File, Format Version 12.00
# Visual Studio Version 17
VisualStudioVersion = 17.12.35707.178
MinimumVisualStudioVersion = 10.0.40219.1
Project("{9A19103F-16F7-4668-BE54-9A1E7A4F7556}") = "CS3750Assignment1", "CS3750Assignment1.csproj", "{F4EC08F7-7B2D-42A3-B99C-81E00E2C1E21}"
EndProject
Project("{FAE04EC0-301F-11D3-BF4B-00C04F79EFBC}") = "CS3750Assignment1TestCourseCreateDelete", "..\CS3750Assignment1TestCourseCreateDelete\CS3750Assignment1TestCourseCreateDelete.csproj", "{84762484-C4E7-4FE3-930D-DD2F660A5E00}"
EndProject
Global
	GlobalSection(SolutionConfigurationPlatforms) = preSolution
		Debug|Any CPU = Debug|Any CPU
		Release|Any CPU = Release|Any CPU
	EndGlobalSection
	GlobalSection(ProjectConfigurationPlatforms) = postSolution
		{F4EC08F7-7B2D-42A3-B99C-81E00E2C1E21}.Debug|Any CPU.ActiveCfg = Debug|Any CPU
		{F4EC08F7-7B2D-42A3-B99C-81E00E2C1E21}.Debug|Any CPU.Build.0 = Debug|Any CPU
		{F4EC08F7-7B2D-42A3-B99C-81E00E2C1E21}.Release|Any CPU.ActiveCfg = Release|Any CPU
		{F4EC08F7-7B2D-42A3-B99C-81E00E2C1E21}.Release|Any CPU.Build.0 = Release|Any CPU
		{84762484-C4E7-4FE3-930D-DD2F660A5E00}.Debug|Any CPU.ActiveCfg = Debug|Any CPU
		{84762484-C4E7-4FE3-930D-DD2F660A5E00}.Debug|Any CPU.Build.0 = Debug|Any CPU
		{84762484-C4E7-4FE3-930D-DD2F660A5E00}.Release|Any CPU.ActiveCfg = Release|Any CPU
		{84762484-C4E7-4FE3-930D-DD2F660A5E00}.Release|Any CPU.Build.0 = Release|Any CPU
	EndGlobalSection
	GlobalSection(SolutionProperties) = preSolution
		HideSolutionNode = FALSE
	EndGlobalSection
	GlobalSection(ExtensibilityGlobals) = postSolution
		SolutionGuid = {F2055940-BACD-4177-B7FF-160A0991E3CE}
	EndGlobalSection
EndGlobal
